
Microsoft Visual Studio Solution File, Format Version 12.00
# Visual Studio 15
VisualStudioVersion = 15.0.26127.3
MinimumVisualStudioVersion = 10.0.40219.1
Project("{FAE04EC0-301F-11D3-BF4B-00C04F79EFBC}") = "SieveOfEratosthenes", "SieveOfEratosthenes\SieveOfEratosthenes.csproj", "{78A77691-2C51-4578-9E37-D166069C6D30}"
EndProject
Project("{FAE04EC0-301F-11D3-BF4B-00C04F79EFBC}") = "FizzBuzz", "FizzBuzz\FizzBuzz.csproj", "{FBE96703-EE75-404E-9BC2-143672101D53}"
EndProject
Project("{FAE04EC0-301F-11D3-BF4B-00C04F79EFBC}") = "MyAlgorithmsLib", "MyAlgorithms\MyAlgorithmsLib.csproj", "{256F7B89-9945-4A41-9984-93F019E6E348}"
EndProject
Project("{FAE04EC0-301F-11D3-BF4B-00C04F79EFBC}") = "ExperimentalComplexity", "ExperimentalComplexity\ExperimentalComplexity.csproj", "{4C20AA1B-36A4-461A-9E5D-4BF366E56D73}"
EndProject
Project("{FAE04EC0-301F-11D3-BF4B-00C04F79EFBC}") = "MovingAverage", "MovingAverage\MovingAverage.csproj", "{F60E4E91-2534-4925-958A-FBB78846CDA8}"
EndProject
Project("{FAE04EC0-301F-11D3-BF4B-00C04F79EFBC}") = "MergeSort", "MergeSort\MergeSort.csproj", "{FB03D8ED-FFDE-4E7A-9BBB-DE6291EA563B}"
EndProject
Project("{FAE04EC0-301F-11D3-BF4B-00C04F79EFBC}") = "BarPlot", "BarPlot\BarPlot.csproj", "{EF99A9B0-0F21-4060-B2D3-E5A7625855FD}"
EndProject
Project("{FAE04EC0-301F-11D3-BF4B-00C04F79EFBC}") = "LinkedList", "LinkedList\LinkedList.csproj", "{37FB8C19-BCF1-481B-AB0E-60BDEA925189}"
EndProject
Global
	GlobalSection(SolutionConfigurationPlatforms) = preSolution
		Debug|Any CPU = Debug|Any CPU
		Release|Any CPU = Release|Any CPU
	EndGlobalSection
	GlobalSection(ProjectConfigurationPlatforms) = postSolution
		{78A77691-2C51-4578-9E37-D166069C6D30}.Debug|Any CPU.ActiveCfg = Debug|Any CPU
		{78A77691-2C51-4578-9E37-D166069C6D30}.Debug|Any CPU.Build.0 = Debug|Any CPU
		{78A77691-2C51-4578-9E37-D166069C6D30}.Release|Any CPU.ActiveCfg = Release|Any CPU
		{78A77691-2C51-4578-9E37-D166069C6D30}.Release|Any CPU.Build.0 = Release|Any CPU
		{FBE96703-EE75-404E-9BC2-143672101D53}.Debug|Any CPU.ActiveCfg = Debug|Any CPU
		{FBE96703-EE75-404E-9BC2-143672101D53}.Debug|Any CPU.Build.0 = Debug|Any CPU
		{FBE96703-EE75-404E-9BC2-143672101D53}.Release|Any CPU.ActiveCfg = Release|Any CPU
		{FBE96703-EE75-404E-9BC2-143672101D53}.Release|Any CPU.Build.0 = Release|Any CPU
		{256F7B89-9945-4A41-9984-93F019E6E348}.Debug|Any CPU.ActiveCfg = Debug|Any CPU
		{256F7B89-9945-4A41-9984-93F019E6E348}.Debug|Any CPU.Build.0 = Debug|Any CPU
		{256F7B89-9945-4A41-9984-93F019E6E348}.Release|Any CPU.ActiveCfg = Release|Any CPU
		{256F7B89-9945-4A41-9984-93F019E6E348}.Release|Any CPU.Build.0 = Release|Any CPU
		{4C20AA1B-36A4-461A-9E5D-4BF366E56D73}.Debug|Any CPU.ActiveCfg = Debug|Any CPU
		{4C20AA1B-36A4-461A-9E5D-4BF366E56D73}.Debug|Any CPU.Build.0 = Debug|Any CPU
		{4C20AA1B-36A4-461A-9E5D-4BF366E56D73}.Release|Any CPU.ActiveCfg = Release|Any CPU
		{4C20AA1B-36A4-461A-9E5D-4BF366E56D73}.Release|Any CPU.Build.0 = Release|Any CPU
		{F60E4E91-2534-4925-958A-FBB78846CDA8}.Debug|Any CPU.ActiveCfg = Debug|Any CPU
		{F60E4E91-2534-4925-958A-FBB78846CDA8}.Debug|Any CPU.Build.0 = Debug|Any CPU
		{F60E4E91-2534-4925-958A-FBB78846CDA8}.Release|Any CPU.ActiveCfg = Release|Any CPU
		{F60E4E91-2534-4925-958A-FBB78846CDA8}.Release|Any CPU.Build.0 = Release|Any CPU
		{FB03D8ED-FFDE-4E7A-9BBB-DE6291EA563B}.Debug|Any CPU.ActiveCfg = Debug|Any CPU
		{FB03D8ED-FFDE-4E7A-9BBB-DE6291EA563B}.Debug|Any CPU.Build.0 = Debug|Any CPU
		{FB03D8ED-FFDE-4E7A-9BBB-DE6291EA563B}.Release|Any CPU.ActiveCfg = Release|Any CPU
		{FB03D8ED-FFDE-4E7A-9BBB-DE6291EA563B}.Release|Any CPU.Build.0 = Release|Any CPU
		{EF99A9B0-0F21-4060-B2D3-E5A7625855FD}.Debug|Any CPU.ActiveCfg = Debug|Any CPU
		{EF99A9B0-0F21-4060-B2D3-E5A7625855FD}.Debug|Any CPU.Build.0 = Debug|Any CPU
		{EF99A9B0-0F21-4060-B2D3-E5A7625855FD}.Release|Any CPU.ActiveCfg = Release|Any CPU
		{EF99A9B0-0F21-4060-B2D3-E5A7625855FD}.Release|Any CPU.Build.0 = Release|Any CPU
		{37FB8C19-BCF1-481B-AB0E-60BDEA925189}.Debug|Any CPU.ActiveCfg = Debug|Any CPU
		{37FB8C19-BCF1-481B-AB0E-60BDEA925189}.Debug|Any CPU.Build.0 = Debug|Any CPU
		{37FB8C19-BCF1-481B-AB0E-60BDEA925189}.Release|Any CPU.ActiveCfg = Release|Any CPU
		{37FB8C19-BCF1-481B-AB0E-60BDEA925189}.Release|Any CPU.Build.0 = Release|Any CPU
	EndGlobalSection
	GlobalSection(SolutionProperties) = preSolution
		HideSolutionNode = FALSE
	EndGlobalSection
EndGlobal
